// !$*UTF8*$!
{
	archiveVersion = 1;
	classes = {
	};
	objectVersion = 46;
	objects = {

/* Begin PBXBuildFile section */
		17249CC318CC30E600A6C5EF /* Foundation.framework in Frameworks */ = {isa = PBXBuildFile; fileRef = 17249CC218CC30E600A6C5EF /* Foundation.framework */; };
		17249CC518CC30E600A6C5EF /* CoreGraphics.framework in Frameworks */ = {isa = PBXBuildFile; fileRef = 17249CC418CC30E600A6C5EF /* CoreGraphics.framework */; };
		17249CC718CC30E600A6C5EF /* UIKit.framework in Frameworks */ = {isa = PBXBuildFile; fileRef = 17249CC618CC30E600A6C5EF /* UIKit.framework */; };
		17249CCD18CC30E600A6C5EF /* InfoPlist.strings in Resources */ = {isa = PBXBuildFile; fileRef = 17249CCB18CC30E600A6C5EF /* InfoPlist.strings */; };
		17249CCF18CC30E600A6C5EF /* main.m in Sources */ = {isa = PBXBuildFile; fileRef = 17249CCE18CC30E600A6C5EF /* main.m */; };
		17249CD318CC30E600A6C5EF /* CPLAppDelegate.m in Sources */ = {isa = PBXBuildFile; fileRef = 17249CD218CC30E600A6C5EF /* CPLAppDelegate.m */; };
		17249CD618CC30E600A6C5EF /* Main.storyboard in Resources */ = {isa = PBXBuildFile; fileRef = 17249CD418CC30E600A6C5EF /* Main.storyboard */; };
		17249CDE18CC30E600A6C5EF /* Images.xcassets in Resources */ = {isa = PBXBuildFile; fileRef = 17249CDD18CC30E600A6C5EF /* Images.xcassets */; };
		17249CE518CC30E600A6C5EF /* XCTest.framework in Frameworks */ = {isa = PBXBuildFile; fileRef = 17249CE418CC30E600A6C5EF /* XCTest.framework */; };
		17249CE618CC30E600A6C5EF /* Foundation.framework in Frameworks */ = {isa = PBXBuildFile; fileRef = 17249CC218CC30E600A6C5EF /* Foundation.framework */; };
		17249CE718CC30E600A6C5EF /* UIKit.framework in Frameworks */ = {isa = PBXBuildFile; fileRef = 17249CC618CC30E600A6C5EF /* UIKit.framework */; };
		17249CEF18CC30E600A6C5EF /* InfoPlist.strings in Resources */ = {isa = PBXBuildFile; fileRef = 17249CED18CC30E600A6C5EF /* InfoPlist.strings */; };
		17249CF118CC30E600A6C5EF /* CoPilotTests.m in Sources */ = {isa = PBXBuildFile; fileRef = 17249CF018CC30E600A6C5EF /* CoPilotTests.m */; };
		17249CFC18CC346100A6C5EF /* CPLTableViewController.m in Sources */ = {isa = PBXBuildFile; fileRef = 17249CFB18CC346100A6C5EF /* CPLTableViewController.m */; };
		17249CFE18CCC16700A6C5EF /* OpenEars.framework in Frameworks */ = {isa = PBXBuildFile; fileRef = 17249CFD18CCC16700A6C5EF /* OpenEars.framework */; };
		17249D0018CCC16E00A6C5EF /* Slt.framework in Frameworks */ = {isa = PBXBuildFile; fileRef = 17249CFF18CCC16E00A6C5EF /* Slt.framework */; };
		17249D0618CCC18F00A6C5EF /* AcousticModelEnglish.bundle in Resources */ = {isa = PBXBuildFile; fileRef = 17249D0218CCC18F00A6C5EF /* AcousticModelEnglish.bundle */; };
		17249D0718CCC18F00A6C5EF /* AcousticModelSpanish.bundle in Resources */ = {isa = PBXBuildFile; fileRef = 17249D0318CCC18F00A6C5EF /* AcousticModelSpanish.bundle */; };
		17249D0C18CCC29A00A6C5EF /* CheckListItem.m in Sources */ = {isa = PBXBuildFile; fileRef = 17249D0B18CCC29A00A6C5EF /* CheckListItem.m */; };
		17249D0E18CCC7E200A6C5EF /* libsqlite3.dylib in Frameworks */ = {isa = PBXBuildFile; fileRef = 17249D0D18CCC7E200A6C5EF /* libsqlite3.dylib */; };
		17249D1018CCD47700A6C5EF /* AVFoundation.framework in Frameworks */ = {isa = PBXBuildFile; fileRef = 17249D0F18CCD47700A6C5EF /* AVFoundation.framework */; };
		17249D1218CCD48D00A6C5EF /* AudioToolbox.framework in Frameworks */ = {isa = PBXBuildFile; fileRef = 17249D1118CCD48D00A6C5EF /* AudioToolbox.framework */; };
		172CD32E18CFDD8800427D63 /* Kal.framework in Frameworks */ = {isa = PBXBuildFile; fileRef = 172CD32D18CFDD8800427D63 /* Kal.framework */; };
		172CD39518D228B900427D63 /* CPLAddListItemViewController.m in Sources */ = {isa = PBXBuildFile; fileRef = 172CD39418D228B900427D63 /* CPLAddListItemViewController.m */; };
		1730F5D11911AD8000FEAAF9 /* CustomSegue.m in Sources */ = {isa = PBXBuildFile; fileRef = 1730F5D01911AD8000FEAAF9 /* CustomSegue.m */; };
		1730F5D41911ADCB00FEAAF9 /* CustomUnwindSegue.m in Sources */ = {isa = PBXBuildFile; fileRef = 1730F5D31911ADCB00FEAAF9 /* CustomUnwindSegue.m */; };
		174CC80718F5EF7300D8D8A1 /* CPLTableViewCell.m in Sources */ = {isa = PBXBuildFile; fileRef = 174CC80618F5EF7300D8D8A1 /* CPLTableViewCell.m */; };
		17792A541925C12A0005F9B0 /* CPLPreferencesViewController.m in Sources */ = {isa = PBXBuildFile; fileRef = 17792A531925C12A0005F9B0 /* CPLPreferencesViewController.m */; };
		17792A56192821B30005F9B0 /* Settings-Icon-Small.png in Resources */ = {isa = PBXBuildFile; fileRef = 17792A55192821B30005F9B0 /* Settings-Icon-Small.png */; };
		17792A5A192823640005F9B0 /* Settings - Icon-2x.png in Resources */ = {isa = PBXBuildFile; fileRef = 17792A59192823640005F9B0 /* Settings - Icon-2x.png */; };
		17792A5C1928237B0005F9B0 /* Settings-Icon-40.png in Resources */ = {isa = PBXBuildFile; fileRef = 17792A5B1928237B0005F9B0 /* Settings-Icon-40.png */; };
		178A982F190D885C00E2E357 /* CPLSlideShowViewController.m in Sources */ = {isa = PBXBuildFile; fileRef = 178A982E190D885C00E2E357 /* CPLSlideShowViewController.m */; };
		17B782B518F75999009FC64C /* check-Icon-Small.png in Resources */ = {isa = PBXBuildFile; fileRef = 17B782B418F75999009FC64C /* check-Icon-Small.png */; };
		17B782BB18F776CF009FC64C /* checklist.db in Resources */ = {isa = PBXBuildFile; fileRef = 17B782BA18F776CF009FC64C /* checklist.db */; };
		17D5714A18D5474300663FAE /* CPLMUDViewController.m in Sources */ = {isa = PBXBuildFile; fileRef = 17D5714918D5474300663FAE /* CPLMUDViewController.m */; };
		17DA602F18FA38E4005D2F85 /* Icon-Small.png in Resources */ = {isa = PBXBuildFile; fileRef = 17DA602E18FA38E4005D2F85 /* Icon-Small.png */; };
		17DA603118FA3902005D2F85 /* Icon-Small@2x.png in Resources */ = {isa = PBXBuildFile; fileRef = 17DA603018FA3902005D2F85 /* Icon-Small@2x.png */; };
		17DA605B18FB1A6C005D2F85 /* CustomIOS7AlertView.m in Sources */ = {isa = PBXBuildFile; fileRef = 17DA605A18FB1A6C005D2F85 /* CustomIOS7AlertView.m */; };
/* End PBXBuildFile section */

/* Begin PBXContainerItemProxy section */
		17249CE818CC30E600A6C5EF /* PBXContainerItemProxy */ = {
			isa = PBXContainerItemProxy;
			containerPortal = 17249CB718CC30E600A6C5EF /* Project object */;
			proxyType = 1;
			remoteGlobalIDString = 17249CBE18CC30E600A6C5EF;
			remoteInfo = CoPilot;
		};
/* End PBXContainerItemProxy section */

/* Begin PBXFileReference section */
		17249CBF18CC30E600A6C5EF /* CheckOutLoud.app */ = {isa = PBXFileReference; explicitFileType = wrapper.application; includeInIndex = 0; path = CheckOutLoud.app; sourceTree = BUILT_PRODUCTS_DIR; };
		17249CC218CC30E600A6C5EF /* Foundation.framework */ = {isa = PBXFileReference; lastKnownFileType = wrapper.framework; name = Foundation.framework; path = System/Library/Frameworks/Foundation.framework; sourceTree = SDKROOT; };
		17249CC418CC30E600A6C5EF /* CoreGraphics.framework */ = {isa = PBXFileReference; lastKnownFileType = wrapper.framework; name = CoreGraphics.framework; path = System/Library/Frameworks/CoreGraphics.framework; sourceTree = SDKROOT; };
		17249CC618CC30E600A6C5EF /* UIKit.framework */ = {isa = PBXFileReference; lastKnownFileType = wrapper.framework; name = UIKit.framework; path = System/Library/Frameworks/UIKit.framework; sourceTree = SDKROOT; };
		17249CCA18CC30E600A6C5EF /* CheckOutLoud-Info.plist */ = {isa = PBXFileReference; lastKnownFileType = text.plist.xml; path = "CheckOutLoud-Info.plist"; sourceTree = "<group>"; };
		17249CCC18CC30E600A6C5EF /* en */ = {isa = PBXFileReference; lastKnownFileType = text.plist.strings; name = en; path = en.lproj/InfoPlist.strings; sourceTree = "<group>"; };
		17249CCE18CC30E600A6C5EF /* main.m */ = {isa = PBXFileReference; lastKnownFileType = sourcecode.c.objc; path = main.m; sourceTree = "<group>"; };
		17249CD018CC30E600A6C5EF /* CheckOutLoud-Prefix.pch */ = {isa = PBXFileReference; lastKnownFileType = sourcecode.c.h; path = "CheckOutLoud-Prefix.pch"; sourceTree = "<group>"; };
		17249CD118CC30E600A6C5EF /* CPLAppDelegate.h */ = {isa = PBXFileReference; lastKnownFileType = sourcecode.c.h; path = CPLAppDelegate.h; sourceTree = "<group>"; };
		17249CD218CC30E600A6C5EF /* CPLAppDelegate.m */ = {isa = PBXFileReference; lastKnownFileType = sourcecode.c.objc; path = CPLAppDelegate.m; sourceTree = "<group>"; };
		17249CD518CC30E600A6C5EF /* Base */ = {isa = PBXFileReference; lastKnownFileType = file.storyboard; name = Base; path = Base.lproj/Main.storyboard; sourceTree = "<group>"; };
		17249CDD18CC30E600A6C5EF /* Images.xcassets */ = {isa = PBXFileReference; lastKnownFileType = folder.assetcatalog; path = Images.xcassets; sourceTree = "<group>"; };
		17249CE318CC30E600A6C5EF /* CheckOutLoudTests.xctest */ = {isa = PBXFileReference; explicitFileType = wrapper.cfbundle; includeInIndex = 0; path = CheckOutLoudTests.xctest; sourceTree = BUILT_PRODUCTS_DIR; };
		17249CE418CC30E600A6C5EF /* XCTest.framework */ = {isa = PBXFileReference; lastKnownFileType = wrapper.framework; name = XCTest.framework; path = Library/Frameworks/XCTest.framework; sourceTree = DEVELOPER_DIR; };
		17249CEC18CC30E600A6C5EF /* CheckOutLoudTests-Info.plist */ = {isa = PBXFileReference; lastKnownFileType = text.plist.xml; path = "CheckOutLoudTests-Info.plist"; sourceTree = "<group>"; };
		17249CEE18CC30E600A6C5EF /* en */ = {isa = PBXFileReference; lastKnownFileType = text.plist.strings; name = en; path = en.lproj/InfoPlist.strings; sourceTree = "<group>"; };
		17249CF018CC30E600A6C5EF /* CoPilotTests.m */ = {isa = PBXFileReference; lastKnownFileType = sourcecode.c.objc; path = CoPilotTests.m; sourceTree = "<group>"; };
		17249CFA18CC346100A6C5EF /* CPLTableViewController.h */ = {isa = PBXFileReference; fileEncoding = 4; lastKnownFileType = sourcecode.c.h; name = CPLTableViewController.h; path = ../CPLTableViewController.h; sourceTree = "<group>"; };
		17249CFB18CC346100A6C5EF /* CPLTableViewController.m */ = {isa = PBXFileReference; fileEncoding = 4; lastKnownFileType = sourcecode.c.objc; name = CPLTableViewController.m; path = ../CPLTableViewController.m; sourceTree = "<group>"; };
		17249CFD18CCC16700A6C5EF /* OpenEars.framework */ = {isa = PBXFileReference; lastKnownFileType = wrapper.framework; name = OpenEars.framework; path = Framework/OpenEars.framework; sourceTree = "<group>"; };
		17249CFF18CCC16E00A6C5EF /* Slt.framework */ = {isa = PBXFileReference; lastKnownFileType = wrapper.framework; name = Slt.framework; path = Framework/Slt.framework; sourceTree = "<group>"; };
		17249D0218CCC18F00A6C5EF /* AcousticModelEnglish.bundle */ = {isa = PBXFileReference; lastKnownFileType = "wrapper.plug-in"; path = AcousticModelEnglish.bundle; sourceTree = "<group>"; };
		17249D0318CCC18F00A6C5EF /* AcousticModelSpanish.bundle */ = {isa = PBXFileReference; lastKnownFileType = "wrapper.plug-in"; path = AcousticModelSpanish.bundle; sourceTree = "<group>"; };
		17249D0418CCC18F00A6C5EF /* OpenEars.framework */ = {isa = PBXFileReference; lastKnownFileType = wrapper.framework; path = OpenEars.framework; sourceTree = "<group>"; };
		17249D0518CCC18F00A6C5EF /* Slt.framework */ = {isa = PBXFileReference; lastKnownFileType = wrapper.framework; path = Slt.framework; sourceTree = "<group>"; };
		17249D0A18CCC29A00A6C5EF /* CheckListItem.h */ = {isa = PBXFileReference; fileEncoding = 4; lastKnownFileType = sourcecode.c.h; path = CheckListItem.h; sourceTree = "<group>"; };
		17249D0B18CCC29A00A6C5EF /* CheckListItem.m */ = {isa = PBXFileReference; fileEncoding = 4; lastKnownFileType = sourcecode.c.objc; path = CheckListItem.m; sourceTree = "<group>"; };
		17249D0D18CCC7E200A6C5EF /* libsqlite3.dylib */ = {isa = PBXFileReference; lastKnownFileType = "compiled.mach-o.dylib"; name = libsqlite3.dylib; path = usr/lib/libsqlite3.dylib; sourceTree = SDKROOT; };
		17249D0F18CCD47700A6C5EF /* AVFoundation.framework */ = {isa = PBXFileReference; lastKnownFileType = wrapper.framework; name = AVFoundation.framework; path = ../../../../../System/Library/Frameworks/AVFoundation.framework; sourceTree = "<group>"; };
		17249D1118CCD48D00A6C5EF /* AudioToolbox.framework */ = {isa = PBXFileReference; lastKnownFileType = wrapper.framework; name = AudioToolbox.framework; path = ../../../../../System/Library/Frameworks/AudioToolbox.framework; sourceTree = "<group>"; };
		172CD32D18CFDD8800427D63 /* Kal.framework */ = {isa = PBXFileReference; lastKnownFileType = wrapper.framework; name = Kal.framework; path = ../OpenEarsDistribution/OpenEarsExtras/openearsextras/FliteVoices/Kal.framework; sourceTree = "<group>"; };
		172CD39318D228B900427D63 /* CPLAddListItemViewController.h */ = {isa = PBXFileReference; fileEncoding = 4; lastKnownFileType = sourcecode.c.h; path = CPLAddListItemViewController.h; sourceTree = "<group>"; };
		172CD39418D228B900427D63 /* CPLAddListItemViewController.m */ = {isa = PBXFileReference; fileEncoding = 4; lastKnownFileType = sourcecode.c.objc; path = CPLAddListItemViewController.m; sourceTree = "<group>"; };
		1730F5CF1911AD8000FEAAF9 /* CustomSegue.h */ = {isa = PBXFileReference; fileEncoding = 4; lastKnownFileType = sourcecode.c.h; name = CustomSegue.h; path = "../../CustomIOSAlertView/ios-custom-alertview/CustomIOS7AlertView/CustomIOS7AlertView/View/CustomSegue.h"; sourceTree = "<group>"; };
		1730F5D01911AD8000FEAAF9 /* CustomSegue.m */ = {isa = PBXFileReference; fileEncoding = 4; lastKnownFileType = sourcecode.c.objc; name = CustomSegue.m; path = "../../CustomIOSAlertView/ios-custom-alertview/CustomIOS7AlertView/CustomIOS7AlertView/View/CustomSegue.m"; sourceTree = "<group>"; };
		1730F5D21911ADCB00FEAAF9 /* CustomUnwindSegue.h */ = {isa = PBXFileReference; fileEncoding = 4; lastKnownFileType = sourcecode.c.h; name = CustomUnwindSegue.h; path = "../../CustomIOSAlertView/ios-custom-alertview/CustomIOS7AlertView/CustomIOS7AlertView/View/CustomUnwindSegue.h"; sourceTree = "<group>"; };
		1730F5D31911ADCB00FEAAF9 /* CustomUnwindSegue.m */ = {isa = PBXFileReference; fileEncoding = 4; lastKnownFileType = sourcecode.c.objc; name = CustomUnwindSegue.m; path = "../../CustomIOSAlertView/ios-custom-alertview/CustomIOS7AlertView/CustomIOS7AlertView/View/CustomUnwindSegue.m"; sourceTree = "<group>"; };
		174CC80518F5EF7300D8D8A1 /* CPLTableViewCell.h */ = {isa = PBXFileReference; fileEncoding = 4; lastKnownFileType = sourcecode.c.h; path = CPLTableViewCell.h; sourceTree = "<group>"; };
		174CC80618F5EF7300D8D8A1 /* CPLTableViewCell.m */ = {isa = PBXFileReference; fileEncoding = 4; lastKnownFileType = sourcecode.c.objc; path = CPLTableViewCell.m; sourceTree = "<group>"; };
		17792A521925C12A0005F9B0 /* CPLPreferencesViewController.h */ = {isa = PBXFileReference; fileEncoding = 4; lastKnownFileType = sourcecode.c.h; path = CPLPreferencesViewController.h; sourceTree = "<group>"; };
		17792A531925C12A0005F9B0 /* CPLPreferencesViewController.m */ = {isa = PBXFileReference; fileEncoding = 4; lastKnownFileType = sourcecode.c.objc; path = CPLPreferencesViewController.m; sourceTree = "<group>"; };
		17792A55192821B30005F9B0 /* Settings-Icon-Small.png */ = {isa = PBXFileReference; lastKnownFileType = image.png; name = "Settings-Icon-Small.png"; path = "../../Icons/PNG Images/settings/Settings-Icon-Small.png"; sourceTree = "<group>"; };
		17792A59192823640005F9B0 /* Settings - Icon-2x.png */ = {isa = PBXFileReference; lastKnownFileType = image.png; name = "Settings - Icon-2x.png"; path = "../../Icons/PNG Images/settings/Settings - Icon-2x.png"; sourceTree = "<group>"; };
		17792A5B1928237B0005F9B0 /* Settings-Icon-40.png */ = {isa = PBXFileReference; lastKnownFileType = image.png; name = "Settings-Icon-40.png"; path = "../../Icons/PNG Images/settings/Settings-Icon-40.png"; sourceTree = "<group>"; };
		178A982D190D885C00E2E357 /* CPLSlideShowViewController.h */ = {isa = PBXFileReference; fileEncoding = 4; lastKnownFileType = sourcecode.c.h; name = CPLSlideShowViewController.h; path = CoPilot/CPLSlideShowViewController.h; sourceTree = SOURCE_ROOT; };
		178A982E190D885C00E2E357 /* CPLSlideShowViewController.m */ = {isa = PBXFileReference; fileEncoding = 4; lastKnownFileType = sourcecode.c.objc; name = CPLSlideShowViewController.m; path = CoPilot/CPLSlideShowViewController.m; sourceTree = SOURCE_ROOT; };
		17B782B418F75999009FC64C /* check-Icon-Small.png */ = {isa = PBXFileReference; lastKnownFileType = image.png; name = "check-Icon-Small.png"; path = "../../Icons/PNG Images/greencheckmark/check-Icon-Small.png"; sourceTree = "<group>"; };
		17B782BA18F776CF009FC64C /* checklist.db */ = {isa = PBXFileReference; lastKnownFileType = file; path = checklist.db; sourceTree = "<group>"; };
		17D5714818D5474300663FAE /* CPLMUDViewController.h */ = {isa = PBXFileReference; fileEncoding = 4; lastKnownFileType = sourcecode.c.h; path = CPLMUDViewController.h; sourceTree = "<group>"; };
		17D5714918D5474300663FAE /* CPLMUDViewController.m */ = {isa = PBXFileReference; fileEncoding = 4; lastKnownFileType = sourcecode.c.objc; path = CPLMUDViewController.m; sourceTree = "<group>"; };
		17DA602E18FA38E4005D2F85 /* Icon-Small.png */ = {isa = PBXFileReference; lastKnownFileType = image.png; name = "Icon-Small.png"; path = "../../Icons/PNG Images/CheckOutLoud/Icon-Small.png"; sourceTree = "<group>"; };
		17DA603018FA3902005D2F85 /* Icon-Small@2x.png */ = {isa = PBXFileReference; lastKnownFileType = image.png; name = "Icon-Small@2x.png"; path = "../../Icons/PNG Images/CheckOutLoud/Icon-Small@2x.png"; sourceTree = "<group>"; };
		17DA605918FB1A6C005D2F85 /* CustomIOS7AlertView.h */ = {isa = PBXFileReference; fileEncoding = 4; lastKnownFileType = sourcecode.c.h; path = CustomIOS7AlertView.h; sourceTree = "<group>"; };
		17DA605A18FB1A6C005D2F85 /* CustomIOS7AlertView.m */ = {isa = PBXFileReference; fileEncoding = 4; lastKnownFileType = sourcecode.c.objc; path = CustomIOS7AlertView.m; sourceTree = "<group>"; };
/* End PBXFileReference section */

/* Begin PBXFrameworksBuildPhase section */
		17249CBC18CC30E600A6C5EF /* Frameworks */ = {
			isa = PBXFrameworksBuildPhase;
			buildActionMask = 2147483647;
			files = (
				17249D0E18CCC7E200A6C5EF /* libsqlite3.dylib in Frameworks */,
				17249D0018CCC16E00A6C5EF /* Slt.framework in Frameworks */,
				17249D1018CCD47700A6C5EF /* AVFoundation.framework in Frameworks */,
				17249CC518CC30E600A6C5EF /* CoreGraphics.framework in Frameworks */,
				17249CC718CC30E600A6C5EF /* UIKit.framework in Frameworks */,
				17249CC318CC30E600A6C5EF /* Foundation.framework in Frameworks */,
				17249D1218CCD48D00A6C5EF /* AudioToolbox.framework in Frameworks */,
				17249CFE18CCC16700A6C5EF /* OpenEars.framework in Frameworks */,
				172CD32E18CFDD8800427D63 /* Kal.framework in Frameworks */,
			);
			runOnlyForDeploymentPostprocessing = 0;
		};
		17249CE018CC30E600A6C5EF /* Frameworks */ = {
			isa = PBXFrameworksBuildPhase;
			buildActionMask = 2147483647;
			files = (
				17249CE518CC30E600A6C5EF /* XCTest.framework in Frameworks */,
				17249CE718CC30E600A6C5EF /* UIKit.framework in Frameworks */,
				17249CE618CC30E600A6C5EF /* Foundation.framework in Frameworks */,
			);
			runOnlyForDeploymentPostprocessing = 0;
		};
/* End PBXFrameworksBuildPhase section */

/* Begin PBXGroup section */
		17249CB618CC30E600A6C5EF = {
			isa = PBXGroup;
			children = (
				17B782BA18F776CF009FC64C /* checklist.db */,
				17249CC818CC30E600A6C5EF /* CoPilot */,
				17249CEA18CC30E600A6C5EF /* CoPilotTests */,
				17249CC118CC30E600A6C5EF /* Frameworks */,
				17249CC018CC30E600A6C5EF /* Products */,
			);
			sourceTree = "<group>";
		};
		17249CC018CC30E600A6C5EF /* Products */ = {
			isa = PBXGroup;
			children = (
				17249CBF18CC30E600A6C5EF /* CheckOutLoud.app */,
				17249CE318CC30E600A6C5EF /* CheckOutLoudTests.xctest */,
			);
			name = Products;
			sourceTree = "<group>";
		};
		17249CC118CC30E600A6C5EF /* Frameworks */ = {
			isa = PBXGroup;
			children = (
				17249D1118CCD48D00A6C5EF /* AudioToolbox.framework */,
				17249D0F18CCD47700A6C5EF /* AVFoundation.framework */,
				17249D0D18CCC7E200A6C5EF /* libsqlite3.dylib */,
				172CD32D18CFDD8800427D63 /* Kal.framework */,
				17249D0118CCC18F00A6C5EF /* Framework */,
				17249CFF18CCC16E00A6C5EF /* Slt.framework */,
				17249CFD18CCC16700A6C5EF /* OpenEars.framework */,
				17249CC218CC30E600A6C5EF /* Foundation.framework */,
				17249CC418CC30E600A6C5EF /* CoreGraphics.framework */,
				17249CC618CC30E600A6C5EF /* UIKit.framework */,
				17249CE418CC30E600A6C5EF /* XCTest.framework */,
			);
			name = Frameworks;
			sourceTree = "<group>";
		};
		17249CC818CC30E600A6C5EF /* CoPilot */ = {
			isa = PBXGroup;
			children = (
				17DA605818FB1A6C005D2F85 /* View */,
				17249CFA18CC346100A6C5EF /* CPLTableViewController.h */,
				17249CFB18CC346100A6C5EF /* CPLTableViewController.m */,
				17792A521925C12A0005F9B0 /* CPLPreferencesViewController.h */,
				17792A531925C12A0005F9B0 /* CPLPreferencesViewController.m */,
				1730F5CF1911AD8000FEAAF9 /* CustomSegue.h */,
				1730F5D01911AD8000FEAAF9 /* CustomSegue.m */,
				1730F5D21911ADCB00FEAAF9 /* CustomUnwindSegue.h */,
				1730F5D31911ADCB00FEAAF9 /* CustomUnwindSegue.m */,
				178A982D190D885C00E2E357 /* CPLSlideShowViewController.h */,
				178A982E190D885C00E2E357 /* CPLSlideShowViewController.m */,
				172CD39318D228B900427D63 /* CPLAddListItemViewController.h */,
				172CD39418D228B900427D63 /* CPLAddListItemViewController.m */,
				17D5714818D5474300663FAE /* CPLMUDViewController.h */,
				17D5714918D5474300663FAE /* CPLMUDViewController.m */,
				17249CD118CC30E600A6C5EF /* CPLAppDelegate.h */,
				17249CD218CC30E600A6C5EF /* CPLAppDelegate.m */,
				17249CD418CC30E600A6C5EF /* Main.storyboard */,
				17249CDD18CC30E600A6C5EF /* Images.xcassets */,
				17249CC918CC30E600A6C5EF /* Supporting Files */,
				17249D0A18CCC29A00A6C5EF /* CheckListItem.h */,
				17249D0B18CCC29A00A6C5EF /* CheckListItem.m */,
				174CC80518F5EF7300D8D8A1 /* CPLTableViewCell.h */,
				174CC80618F5EF7300D8D8A1 /* CPLTableViewCell.m */,
			);
			path = CoPilot;
			sourceTree = "<group>";
		};
		17249CC918CC30E600A6C5EF /* Supporting Files */ = {
			isa = PBXGroup;
			children = (
				17792A5B1928237B0005F9B0 /* Settings-Icon-40.png */,
				17792A59192823640005F9B0 /* Settings - Icon-2x.png */,
				17792A55192821B30005F9B0 /* Settings-Icon-Small.png */,
				17DA603018FA3902005D2F85 /* Icon-Small@2x.png */,
				17DA602E18FA38E4005D2F85 /* Icon-Small.png */,
				17B782B418F75999009FC64C /* check-Icon-Small.png */,
				17249CCA18CC30E600A6C5EF /* CheckOutLoud-Info.plist */,
				17249CCB18CC30E600A6C5EF /* InfoPlist.strings */,
				17249CCE18CC30E600A6C5EF /* main.m */,
				17249CD018CC30E600A6C5EF /* CheckOutLoud-Prefix.pch */,
			);
			name = "Supporting Files";
			sourceTree = "<group>";
		};
		17249CEA18CC30E600A6C5EF /* CoPilotTests */ = {
			isa = PBXGroup;
			children = (
				17249CF018CC30E600A6C5EF /* CoPilotTests.m */,
				17249CEB18CC30E600A6C5EF /* Supporting Files */,
			);
			path = CoPilotTests;
			sourceTree = "<group>";
		};
		17249CEB18CC30E600A6C5EF /* Supporting Files */ = {
			isa = PBXGroup;
			children = (
				17249CEC18CC30E600A6C5EF /* CheckOutLoudTests-Info.plist */,
				17249CED18CC30E600A6C5EF /* InfoPlist.strings */,
			);
			name = "Supporting Files";
			sourceTree = "<group>";
		};
		17249D0118CCC18F00A6C5EF /* Framework */ = {
			isa = PBXGroup;
			children = (
				17249D0218CCC18F00A6C5EF /* AcousticModelEnglish.bundle */,
				17249D0318CCC18F00A6C5EF /* AcousticModelSpanish.bundle */,
				17249D0418CCC18F00A6C5EF /* OpenEars.framework */,
				17249D0518CCC18F00A6C5EF /* Slt.framework */,
			);
			path = Framework;
			sourceTree = "<group>";
		};
		17DA605818FB1A6C005D2F85 /* View */ = {
			isa = PBXGroup;
			children = (
				17DA605918FB1A6C005D2F85 /* CustomIOS7AlertView.h */,
				17DA605A18FB1A6C005D2F85 /* CustomIOS7AlertView.m */,
			);
			name = View;
			path = "../../CustomIOSAlertView/ios-custom-alertview/CustomIOS7AlertView/CustomIOS7AlertView/View";
			sourceTree = "<group>";
		};
/* End PBXGroup section */

/* Begin PBXNativeTarget section */
		17249CBE18CC30E600A6C5EF /* CheckOutLoud */ = {
			isa = PBXNativeTarget;
			buildConfigurationList = 17249CF418CC30E600A6C5EF /* Build configuration list for PBXNativeTarget "CheckOutLoud" */;
			buildPhases = (
				17249CBB18CC30E600A6C5EF /* Sources */,
				17249CBC18CC30E600A6C5EF /* Frameworks */,
				17249CBD18CC30E600A6C5EF /* Resources */,
			);
			buildRules = (
			);
			dependencies = (
			);
			name = CheckOutLoud;
			productName = CoPilot;
			productReference = 17249CBF18CC30E600A6C5EF /* CheckOutLoud.app */;
			productType = "com.apple.product-type.application";
		};
		17249CE218CC30E600A6C5EF /* CheckOutLoudTests */ = {
			isa = PBXNativeTarget;
			buildConfigurationList = 17249CF718CC30E600A6C5EF /* Build configuration list for PBXNativeTarget "CheckOutLoudTests" */;
			buildPhases = (
				17249CDF18CC30E600A6C5EF /* Sources */,
				17249CE018CC30E600A6C5EF /* Frameworks */,
				17249CE118CC30E600A6C5EF /* Resources */,
			);
			buildRules = (
			);
			dependencies = (
				17249CE918CC30E600A6C5EF /* PBXTargetDependency */,
			);
			name = CheckOutLoudTests;
			productName = CoPilotTests;
			productReference = 17249CE318CC30E600A6C5EF /* CheckOutLoudTests.xctest */;
			productType = "com.apple.product-type.bundle.unit-test";
		};
/* End PBXNativeTarget section */

/* Begin PBXProject section */
		17249CB718CC30E600A6C5EF /* Project object */ = {
			isa = PBXProject;
			attributes = {
				CLASSPREFIX = CPL;
				LastUpgradeCheck = 0510;
				ORGANIZATIONNAME = "James Flanagan";
				TargetAttributes = {
					17249CBE18CC30E600A6C5EF = {
						DevelopmentTeam = 5DKEXEN4S2;
						SystemCapabilities = {
							com.apple.BackgroundModes = {
								enabled = 1;
							};
						};
					};
					17249CE218CC30E600A6C5EF = {
						TestTargetID = 17249CBE18CC30E600A6C5EF;
					};
				};
			};
			buildConfigurationList = 17249CBA18CC30E600A6C5EF /* Build configuration list for PBXProject "CheckOutLoud" */;
			compatibilityVersion = "Xcode 3.2";
			developmentRegion = English;
			hasScannedForEncodings = 0;
			knownRegions = (
				en,
				Base,
			);
			mainGroup = 17249CB618CC30E600A6C5EF;
			productRefGroup = 17249CC018CC30E600A6C5EF /* Products */;
			projectDirPath = "";
			projectRoot = "";
			targets = (
				17249CBE18CC30E600A6C5EF /* CheckOutLoud */,
				17249CE218CC30E600A6C5EF /* CheckOutLoudTests */,
			);
		};
/* End PBXProject section */

/* Begin PBXResourcesBuildPhase section */
		17249CBD18CC30E600A6C5EF /* Resources */ = {
			isa = PBXResourcesBuildPhase;
			buildActionMask = 2147483647;
			files = (
				17DA602F18FA38E4005D2F85 /* Icon-Small.png in Resources */,
				17249CDE18CC30E600A6C5EF /* Images.xcassets in Resources */,
				17792A5A192823640005F9B0 /* Settings - Icon-2x.png in Resources */,
				17792A5C1928237B0005F9B0 /* Settings-Icon-40.png in Resources */,
				17249D0718CCC18F00A6C5EF /* AcousticModelSpanish.bundle in Resources */,
				17DA603118FA3902005D2F85 /* Icon-Small@2x.png in Resources */,
				17249D0618CCC18F00A6C5EF /* AcousticModelEnglish.bundle in Resources */,
				17249CCD18CC30E600A6C5EF /* InfoPlist.strings in Resources */,
				17249CD618CC30E600A6C5EF /* Main.storyboard in Resources */,
				17792A56192821B30005F9B0 /* Settings-Icon-Small.png in Resources */,
				17B782BB18F776CF009FC64C /* checklist.db in Resources */,
				17B782B518F75999009FC64C /* check-Icon-Small.png in Resources */,
			);
			runOnlyForDeploymentPostprocessing = 0;
		};
		17249CE118CC30E600A6C5EF /* Resources */ = {
			isa = PBXResourcesBuildPhase;
			buildActionMask = 2147483647;
			files = (
				17249CEF18CC30E600A6C5EF /* InfoPlist.strings in Resources */,
			);
			runOnlyForDeploymentPostprocessing = 0;
		};
/* End PBXResourcesBuildPhase section */

/* Begin PBXSourcesBuildPhase section */
		17249CBB18CC30E600A6C5EF /* Sources */ = {
			isa = PBXSourcesBuildPhase;
			buildActionMask = 2147483647;
			files = (
				17DA605B18FB1A6C005D2F85 /* CustomIOS7AlertView.m in Sources */,
				17249CD318CC30E600A6C5EF /* CPLAppDelegate.m in Sources */,
				17249CFC18CC346100A6C5EF /* CPLTableViewController.m in Sources */,
				17249CCF18CC30E600A6C5EF /* main.m in Sources */,
				1730F5D11911AD8000FEAAF9 /* CustomSegue.m in Sources */,
				17249D0C18CCC29A00A6C5EF /* CheckListItem.m in Sources */,
				17D5714A18D5474300663FAE /* CPLMUDViewController.m in Sources */,
				172CD39518D228B900427D63 /* CPLAddListItemViewController.m in Sources */,
				178A982F190D885C00E2E357 /* CPLSlideShowViewController.m in Sources */,
				17792A541925C12A0005F9B0 /* CPLPreferencesViewController.m in Sources */,
				1730F5D41911ADCB00FEAAF9 /* CustomUnwindSegue.m in Sources */,
				174CC80718F5EF7300D8D8A1 /* CPLTableViewCell.m in Sources */,
			);
			runOnlyForDeploymentPostprocessing = 0;
		};
		17249CDF18CC30E600A6C5EF /* Sources */ = {
			isa = PBXSourcesBuildPhase;
			buildActionMask = 2147483647;
			files = (
				17249CF118CC30E600A6C5EF /* CoPilotTests.m in Sources */,
			);
			runOnlyForDeploymentPostprocessing = 0;
		};
/* End PBXSourcesBuildPhase section */

/* Begin PBXTargetDependency section */
		17249CE918CC30E600A6C5EF /* PBXTargetDependency */ = {
			isa = PBXTargetDependency;
			target = 17249CBE18CC30E600A6C5EF /* CheckOutLoud */;
			targetProxy = 17249CE818CC30E600A6C5EF /* PBXContainerItemProxy */;
		};
/* End PBXTargetDependency section */

/* Begin PBXVariantGroup section */
		17249CCB18CC30E600A6C5EF /* InfoPlist.strings */ = {
			isa = PBXVariantGroup;
			children = (
				17249CCC18CC30E600A6C5EF /* en */,
			);
			name = InfoPlist.strings;
			sourceTree = "<group>";
		};
		17249CD418CC30E600A6C5EF /* Main.storyboard */ = {
			isa = PBXVariantGroup;
			children = (
				17249CD518CC30E600A6C5EF /* Base */,
			);
			name = Main.storyboard;
			sourceTree = "<group>";
		};
		17249CED18CC30E600A6C5EF /* InfoPlist.strings */ = {
			isa = PBXVariantGroup;
			children = (
				17249CEE18CC30E600A6C5EF /* en */,
			);
			name = InfoPlist.strings;
			sourceTree = "<group>";
		};
/* End PBXVariantGroup section */

/* Begin XCBuildConfiguration section */
		17249CF218CC30E600A6C5EF /* Debug */ = {
			isa = XCBuildConfiguration;
			buildSettings = {
				ALWAYS_SEARCH_USER_PATHS = NO;
				CLANG_CXX_LANGUAGE_STANDARD = "gnu++0x";
				CLANG_CXX_LIBRARY = "libc++";
				CLANG_ENABLE_MODULES = YES;
				CLANG_ENABLE_OBJC_ARC = YES;
				CLANG_WARN_BOOL_CONVERSION = YES;
				CLANG_WARN_CONSTANT_CONVERSION = YES;
				CLANG_WARN_DIRECT_OBJC_ISA_USAGE = YES_ERROR;
				CLANG_WARN_EMPTY_BODY = YES;
				CLANG_WARN_ENUM_CONVERSION = YES;
				CLANG_WARN_INT_CONVERSION = YES;
				CLANG_WARN_OBJC_ROOT_CLASS = YES_ERROR;
				CLANG_WARN__DUPLICATE_METHOD_MATCH = YES;
				"CODE_SIGN_IDENTITY[sdk=iphoneos*]" = "iPhone Developer: James Flanagan (653U45Z995)";
				COPY_PHASE_STRIP = NO;
				GCC_C_LANGUAGE_STANDARD = gnu99;
				GCC_DYNAMIC_NO_PIC = NO;
				GCC_OPTIMIZATION_LEVEL = 0;
				GCC_PREPROCESSOR_DEFINITIONS = (
					"DEBUG=1",
					"$(inherited)",
				);
				GCC_SYMBOLS_PRIVATE_EXTERN = NO;
				GCC_WARN_64_TO_32_BIT_CONVERSION = YES;
				GCC_WARN_ABOUT_RETURN_TYPE = YES_ERROR;
				GCC_WARN_UNDECLARED_SELECTOR = YES;
				GCC_WARN_UNINITIALIZED_AUTOS = YES;
				GCC_WARN_UNUSED_FUNCTION = YES;
				GCC_WARN_UNUSED_VARIABLE = YES;
				IPHONEOS_DEPLOYMENT_TARGET = 7.0;
				ONLY_ACTIVE_ARCH = YES;
				PROVISIONING_PROFILE = "";
				SDKROOT = iphoneos;
			};
			name = Debug;
		};
		17249CF318CC30E600A6C5EF /* Release */ = {
			isa = XCBuildConfiguration;
			buildSettings = {
				ALWAYS_SEARCH_USER_PATHS = NO;
				CLANG_CXX_LANGUAGE_STANDARD = "gnu++0x";
				CLANG_CXX_LIBRARY = "libc++";
				CLANG_ENABLE_MODULES = YES;
				CLANG_ENABLE_OBJC_ARC = YES;
				CLANG_WARN_BOOL_CONVERSION = YES;
				CLANG_WARN_CONSTANT_CONVERSION = YES;
				CLANG_WARN_DIRECT_OBJC_ISA_USAGE = YES_ERROR;
				CLANG_WARN_EMPTY_BODY = YES;
				CLANG_WARN_ENUM_CONVERSION = YES;
				CLANG_WARN_INT_CONVERSION = YES;
				CLANG_WARN_OBJC_ROOT_CLASS = YES_ERROR;
				CLANG_WARN__DUPLICATE_METHOD_MATCH = YES;
				CODE_SIGN_IDENTITY = "iPhone Distribution: James Flanagan (5DKEXEN4S2)";
				"CODE_SIGN_IDENTITY[sdk=iphoneos*]" = "iPhone Distribution: James Flanagan (5DKEXEN4S2)";
				COPY_PHASE_STRIP = YES;
				ENABLE_NS_ASSERTIONS = NO;
				GCC_C_LANGUAGE_STANDARD = gnu99;
				GCC_WARN_64_TO_32_BIT_CONVERSION = YES;
				GCC_WARN_ABOUT_RETURN_TYPE = YES_ERROR;
				GCC_WARN_UNDECLARED_SELECTOR = YES;
				GCC_WARN_UNINITIALIZED_AUTOS = YES;
				GCC_WARN_UNUSED_FUNCTION = YES;
				GCC_WARN_UNUSED_VARIABLE = YES;
				IPHONEOS_DEPLOYMENT_TARGET = 7.0;
				PROVISIONING_PROFILE = "";
				SDKROOT = iphoneos;
				VALIDATE_PRODUCT = YES;
			};
			name = Release;
		};
		17249CF518CC30E600A6C5EF /* Debug */ = {
			isa = XCBuildConfiguration;
			buildSettings = {
				ASSETCATALOG_COMPILER_APPICON_NAME = AppIcon;
				ASSETCATALOG_COMPILER_LAUNCHIMAGE_NAME = LaunchImage;
				CODE_SIGN_IDENTITY = "iPhone Developer";
				"CODE_SIGN_IDENTITY[sdk=iphoneos*]" = "iPhone Developer";
				FRAMEWORK_SEARCH_PATHS = (
					"$(inherited)",
					/Users/jamesflanagan/Documents/Xworkspace/CoPilot/Framework,
					/Users/jamesflanagan/Documents/Xworkspace/OpenEarsDistribution/OpenEarsExtras/openearsextras/FliteVoices,
				);
				GCC_PRECOMPILE_PREFIX_HEADER = YES;
				GCC_PREFIX_HEADER = "CoPilot/CheckOutLoud-Prefix.pch";
				INFOPLIST_FILE = "CoPilot/CheckOutLoud-Info.plist";
				PRODUCT_NAME = CheckOutLoud;
				PROVISIONING_PROFILE = "";
				WRAPPER_EXTENSION = app;
			};
			name = Debug;
		};
		17249CF618CC30E600A6C5EF /* Release */ = {
			isa = XCBuildConfiguration;
			buildSettings = {
				ASSETCATALOG_COMPILER_APPICON_NAME = AppIcon;
				ASSETCATALOG_COMPILER_LAUNCHIMAGE_NAME = LaunchImage;
				CODE_SIGN_IDENTITY = "iPhone Developer";
				"CODE_SIGN_IDENTITY[sdk=iphoneos*]" = "iPhone Developer";
				FRAMEWORK_SEARCH_PATHS = (
					"$(inherited)",
					/Users/jamesflanagan/Documents/Xworkspace/CoPilot/Framework,
					/Users/jamesflanagan/Documents/Xworkspace/OpenEarsDistribution/OpenEarsExtras/openearsextras/FliteVoices,
				);
				GCC_PRECOMPILE_PREFIX_HEADER = YES;
				GCC_PREFIX_HEADER = "CoPilot/CheckOutLoud-Prefix.pch";
				INFOPLIST_FILE = "CoPilot/CheckOutLoud-Info.plist";
				PRODUCT_NAME = CheckOutLoud;
				PROVISIONING_PROFILE = "";
				WRAPPER_EXTENSION = app;
			};
			name = Release;
		};
		17249CF818CC30E600A6C5EF /* Debug */ = {
			isa = XCBuildConfiguration;
			buildSettings = {
				BUNDLE_LOADER = "$(BUILT_PRODUCTS_DIR)/CoPilot.app/CoPilot";
				FRAMEWORK_SEARCH_PATHS = (
					"$(SDKROOT)/Developer/Library/Frameworks",
					"$(inherited)",
					"$(DEVELOPER_FRAMEWORKS_DIR)",
				);
				GCC_PRECOMPILE_PREFIX_HEADER = YES;
				GCC_PREFIX_HEADER = "CoPilot/CoPilot-Prefix.pch";
				GCC_PREPROCESSOR_DEFINITIONS = (
					"DEBUG=1",
					"$(inherited)",
				);
				INFOPLIST_FILE = "CoPilotTests/CheckOutLoudTests-Info.plist";
				PRODUCT_NAME = CheckOutLoudTests;
				TEST_HOST = "$(BUNDLE_LOADER)";
				WRAPPER_EXTENSION = xctest;
			};
			name = Debug;
		};
		17249CF918CC30E600A6C5EF /* Release */ = {
			isa = XCBuildConfiguration;
			buildSettings = {
				BUNDLE_LOADER = "$(BUILT_PRODUCTS_DIR)/CoPilot.app/CoPilot";
				FRAMEWORK_SEARCH_PATHS = (
					"$(SDKROOT)/Developer/Library/Frameworks",
					"$(inherited)",
					"$(DEVELOPER_FRAMEWORKS_DIR)",
				);
				GCC_PRECOMPILE_PREFIX_HEADER = YES;
				GCC_PREFIX_HEADER = "CoPilot/CoPilot-Prefix.pch";
				INFOPLIST_FILE = "CoPilotTests/CheckOutLoudTests-Info.plist";
				PRODUCT_NAME = CheckOutLoudTests;
				TEST_HOST = "$(BUNDLE_LOADER)";
				WRAPPER_EXTENSION = xctest;
			};
			name = Release;
		};
/* End XCBuildConfiguration section */

/* Begin XCConfigurationList section */
		17249CBA18CC30E600A6C5EF /* Build configuration list for PBXProject "CheckOutLoud" */ = {
			isa = XCConfigurationList;
			buildConfigurations = (
				17249CF218CC30E600A6C5EF /* Debug */,
				17249CF318CC30E600A6C5EF /* Release */,
			);
			defaultConfigurationIsVisible = 0;
			defaultConfigurationName = Release;
		};
		17249CF418CC30E600A6C5EF /* Build configuration list for PBXNativeTarget "CheckOutLoud" */ = {
			isa = XCConfigurationList;
			buildConfigurations = (
				17249CF518CC30E600A6C5EF /* Debug */,
				17249CF618CC30E600A6C5EF /* Release */,
			);
			defaultConfigurationIsVisible = 0;
			defaultConfigurationName = Release;
		};
		17249CF718CC30E600A6C5EF /* Build configuration list for PBXNativeTarget "CheckOutLoudTests" */ = {
			isa = XCConfigurationList;
			buildConfigurations = (
				17249CF818CC30E600A6C5EF /* Debug */,
				17249CF918CC30E600A6C5EF /* Release */,
			);
			defaultConfigurationIsVisible = 0;
			defaultConfigurationName = Release;
		};
/* End XCConfigurationList section */
	};
	rootObject = 17249CB718CC30E600A6C5EF /* Project object */;
}
